
Microsoft Visual Studio Solution File, Format Version 12.00
# Visual Studio 2013
VisualStudioVersion = 12.0.21005.1
MinimumVisualStudioVersion = 10.0.40219.1
Project("{FAE04EC0-301F-11D3-BF4B-00C04F79EFBC}") = "Autosys4", "Autosys4\Autosys4.csproj", "{D2249A98-5AD9-44A6-B550-9AEB2A196979}"
EndProject
Project("{FAE04EC0-301F-11D3-BF4B-00C04F79EFBC}") = "Telnet", "Telnet\Telnet.csproj", "{9162ADDF-EBE2-47D5-ABA0-B4417A90FA3C}"
EndProject
Project("{FAE04EC0-301F-11D3-BF4B-00C04F79EFBC}") = "Autosys", "AutosysSession\Autosys.csproj", "{03B32BCA-4905-49A4-A881-0BE838D2AD74}"
EndProject
Global
	GlobalSection(SolutionConfigurationPlatforms) = preSolution
		Debug|Any CPU = Debug|Any CPU
		Release|Any CPU = Release|Any CPU
	EndGlobalSection
	GlobalSection(ProjectConfigurationPlatforms) = postSolution
		{D2249A98-5AD9-44A6-B550-9AEB2A196979}.Debug|Any CPU.ActiveCfg = Debug|Any CPU
		{D2249A98-5AD9-44A6-B550-9AEB2A196979}.Debug|Any CPU.Build.0 = Debug|Any CPU
		{D2249A98-5AD9-44A6-B550-9AEB2A196979}.Release|Any CPU.ActiveCfg = Release|Any CPU
		{D2249A98-5AD9-44A6-B550-9AEB2A196979}.Release|Any CPU.Build.0 = Release|Any CPU
		{9162ADDF-EBE2-47D5-ABA0-B4417A90FA3C}.Debug|Any CPU.ActiveCfg = Debug|Any CPU
		{9162ADDF-EBE2-47D5-ABA0-B4417A90FA3C}.Debug|Any CPU.Build.0 = Debug|Any CPU
		{9162ADDF-EBE2-47D5-ABA0-B4417A90FA3C}.Release|Any CPU.ActiveCfg = Release|Any CPU
		{9162ADDF-EBE2-47D5-ABA0-B4417A90FA3C}.Release|Any CPU.Build.0 = Release|Any CPU
		{03B32BCA-4905-49A4-A881-0BE838D2AD74}.Debug|Any CPU.ActiveCfg = Debug|Any CPU
		{03B32BCA-4905-49A4-A881-0BE838D2AD74}.Debug|Any CPU.Build.0 = Debug|Any CPU
		{03B32BCA-4905-49A4-A881-0BE838D2AD74}.Release|Any CPU.ActiveCfg = Release|Any CPU
		{03B32BCA-4905-49A4-A881-0BE838D2AD74}.Release|Any CPU.Build.0 = Release|Any CPU
	EndGlobalSection
	GlobalSection(SolutionProperties) = preSolution
		HideSolutionNode = FALSE
	EndGlobalSection
EndGlobal
